
Microsoft Visual Studio Solution File, Format Version 12.00
# Visual Studio Version 17
VisualStudioVersion = 17.0.31903.59
MinimumVisualStudioVersion = 10.0.40219.1
Project("{FAE04EC0-301F-11D3-BF4B-00C04F79EFBC}") = "LanSync.Core", "src\LanSync.Core\LanSync.Core.csproj", "{08D26998-71A5-4A92-88E0-1125B3D73707}"
EndProject
Project("{FAE04EC0-301F-11D3-BF4B-00C04F79EFBC}") = "LanSync.Syncthing", "src\LanSync.Syncthing\LanSync.Syncthing.csproj", "{5DB51332-5DE4-4D50-946C-A1C405754E19}"
EndProject
Project("{FAE04EC0-301F-11D3-BF4B-00C04F79EFBC}") = "LanSync.Syncthing.Tests", "tests\LanSync.Syncthing.Tests\LanSync.Syncthing.Tests.csproj", "{454FA5B1-9CFA-46F0-8F20-4A59BA0B6080}"
EndProject
Project("{FAE04EC0-301F-11D3-BF4B-00C04F79EFBC}") = "LanSync.IntegrationTests", "tests\LanSync.IntegrationTests\LanSync.IntegrationTests.csproj", "{7468DE5B-3569-49A5-98B2-E03F66F8EE68}"
EndProject
Project("{2150E333-8FDC-42A3-9474-1A3956D46DE8}") = "src", "src", "{827E0CD3-B72D-47B6-A68D-7590B98EB39B}"
EndProject
Project("{FAE04EC0-301F-11D3-BF4B-00C04F79EFBC}") = "LanSync.Tray", "src\LanSync.Tray\LanSync.Tray.csproj", "{D102B733-44CB-4606-B858-0853917ABBFC}"
EndProject
Global
	GlobalSection(SolutionConfigurationPlatforms) = preSolution
		Debug|Any CPU = Debug|Any CPU
		Debug|x64 = Debug|x64
		Debug|x86 = Debug|x86
		Release|Any CPU = Release|Any CPU
		Release|x64 = Release|x64
		Release|x86 = Release|x86
	EndGlobalSection
	GlobalSection(ProjectConfigurationPlatforms) = postSolution
		{08D26998-71A5-4A92-88E0-1125B3D73707}.Debug|Any CPU.ActiveCfg = Debug|Any CPU
		{08D26998-71A5-4A92-88E0-1125B3D73707}.Debug|Any CPU.Build.0 = Debug|Any CPU
		{08D26998-71A5-4A92-88E0-1125B3D73707}.Debug|x64.ActiveCfg = Debug|Any CPU
		{08D26998-71A5-4A92-88E0-1125B3D73707}.Debug|x64.Build.0 = Debug|Any CPU
		{08D26998-71A5-4A92-88E0-1125B3D73707}.Debug|x86.ActiveCfg = Debug|Any CPU
		{08D26998-71A5-4A92-88E0-1125B3D73707}.Debug|x86.Build.0 = Debug|Any CPU
		{08D26998-71A5-4A92-88E0-1125B3D73707}.Release|Any CPU.ActiveCfg = Release|Any CPU
		{08D26998-71A5-4A92-88E0-1125B3D73707}.Release|Any CPU.Build.0 = Release|Any CPU
		{08D26998-71A5-4A92-88E0-1125B3D73707}.Release|x64.ActiveCfg = Release|Any CPU
		{08D26998-71A5-4A92-88E0-1125B3D73707}.Release|x64.Build.0 = Release|Any CPU
		{08D26998-71A5-4A92-88E0-1125B3D73707}.Release|x86.ActiveCfg = Release|Any CPU
		{08D26998-71A5-4A92-88E0-1125B3D73707}.Release|x86.Build.0 = Release|Any CPU
		{5DB51332-5DE4-4D50-946C-A1C405754E19}.Debug|Any CPU.ActiveCfg = Debug|Any CPU
		{5DB51332-5DE4-4D50-946C-A1C405754E19}.Debug|Any CPU.Build.0 = Debug|Any CPU
		{5DB51332-5DE4-4D50-946C-A1C405754E19}.Debug|x64.ActiveCfg = Debug|Any CPU
		{5DB51332-5DE4-4D50-946C-A1C405754E19}.Debug|x64.Build.0 = Debug|Any CPU
		{5DB51332-5DE4-4D50-946C-A1C405754E19}.Debug|x86.ActiveCfg = Debug|Any CPU
		{5DB51332-5DE4-4D50-946C-A1C405754E19}.Debug|x86.Build.0 = Debug|Any CPU
		{5DB51332-5DE4-4D50-946C-A1C405754E19}.Release|Any CPU.ActiveCfg = Release|Any CPU
		{5DB51332-5DE4-4D50-946C-A1C405754E19}.Release|Any CPU.Build.0 = Release|Any CPU
		{5DB51332-5DE4-4D50-946C-A1C405754E19}.Release|x64.ActiveCfg = Release|Any CPU
		{5DB51332-5DE4-4D50-946C-A1C405754E19}.Release|x64.Build.0 = Release|Any CPU
		{5DB51332-5DE4-4D50-946C-A1C405754E19}.Release|x86.ActiveCfg = Release|Any CPU
		{5DB51332-5DE4-4D50-946C-A1C405754E19}.Release|x86.Build.0 = Release|Any CPU
		{454FA5B1-9CFA-46F0-8F20-4A59BA0B6080}.Debug|Any CPU.ActiveCfg = Debug|Any CPU
		{454FA5B1-9CFA-46F0-8F20-4A59BA0B6080}.Debug|Any CPU.Build.0 = Debug|Any CPU
		{454FA5B1-9CFA-46F0-8F20-4A59BA0B6080}.Debug|x64.ActiveCfg = Debug|Any CPU
		{454FA5B1-9CFA-46F0-8F20-4A59BA0B6080}.Debug|x64.Build.0 = Debug|Any CPU
		{454FA5B1-9CFA-46F0-8F20-4A59BA0B6080}.Debug|x86.ActiveCfg = Debug|Any CPU
		{454FA5B1-9CFA-46F0-8F20-4A59BA0B6080}.Debug|x86.Build.0 = Debug|Any CPU
		{454FA5B1-9CFA-46F0-8F20-4A59BA0B6080}.Release|Any CPU.ActiveCfg = Release|Any CPU
		{454FA5B1-9CFA-46F0-8F20-4A59BA0B6080}.Release|Any CPU.Build.0 = Release|Any CPU
		{454FA5B1-9CFA-46F0-8F20-4A59BA0B6080}.Release|x64.ActiveCfg = Release|Any CPU
		{454FA5B1-9CFA-46F0-8F20-4A59BA0B6080}.Release|x64.Build.0 = Release|Any CPU
		{454FA5B1-9CFA-46F0-8F20-4A59BA0B6080}.Release|x86.ActiveCfg = Release|Any CPU
		{454FA5B1-9CFA-46F0-8F20-4A59BA0B6080}.Release|x86.Build.0 = Release|Any CPU
		{7468DE5B-3569-49A5-98B2-E03F66F8EE68}.Debug|Any CPU.ActiveCfg = Debug|Any CPU
		{7468DE5B-3569-49A5-98B2-E03F66F8EE68}.Debug|Any CPU.Build.0 = Debug|Any CPU
		{7468DE5B-3569-49A5-98B2-E03F66F8EE68}.Debug|x64.ActiveCfg = Debug|Any CPU
		{7468DE5B-3569-49A5-98B2-E03F66F8EE68}.Debug|x64.Build.0 = Debug|Any CPU
		{7468DE5B-3569-49A5-98B2-E03F66F8EE68}.Debug|x86.ActiveCfg = Debug|Any CPU
		{7468DE5B-3569-49A5-98B2-E03F66F8EE68}.Debug|x86.Build.0 = Debug|Any CPU
		{7468DE5B-3569-49A5-98B2-E03F66F8EE68}.Release|Any CPU.ActiveCfg = Release|Any CPU
		{7468DE5B-3569-49A5-98B2-E03F66F8EE68}.Release|Any CPU.Build.0 = Release|Any CPU
		{7468DE5B-3569-49A5-98B2-E03F66F8EE68}.Release|x64.ActiveCfg = Release|Any CPU
		{7468DE5B-3569-49A5-98B2-E03F66F8EE68}.Release|x64.Build.0 = Release|Any CPU
		{7468DE5B-3569-49A5-98B2-E03F66F8EE68}.Release|x86.ActiveCfg = Release|Any CPU
		{7468DE5B-3569-49A5-98B2-E03F66F8EE68}.Release|x86.Build.0 = Release|Any CPU
		{D102B733-44CB-4606-B858-0853917ABBFC}.Debug|Any CPU.ActiveCfg = Debug|Any CPU
		{D102B733-44CB-4606-B858-0853917ABBFC}.Debug|Any CPU.Build.0 = Debug|Any CPU
		{D102B733-44CB-4606-B858-0853917ABBFC}.Debug|x64.ActiveCfg = Debug|Any CPU
		{D102B733-44CB-4606-B858-0853917ABBFC}.Debug|x64.Build.0 = Debug|Any CPU
		{D102B733-44CB-4606-B858-0853917ABBFC}.Debug|x86.ActiveCfg = Debug|Any CPU
		{D102B733-44CB-4606-B858-0853917ABBFC}.Debug|x86.Build.0 = Debug|Any CPU
		{D102B733-44CB-4606-B858-0853917ABBFC}.Release|Any CPU.ActiveCfg = Release|Any CPU
		{D102B733-44CB-4606-B858-0853917ABBFC}.Release|Any CPU.Build.0 = Release|Any CPU
		{D102B733-44CB-4606-B858-0853917ABBFC}.Release|x64.ActiveCfg = Release|Any CPU
		{D102B733-44CB-4606-B858-0853917ABBFC}.Release|x64.Build.0 = Release|Any CPU
		{D102B733-44CB-4606-B858-0853917ABBFC}.Release|x86.ActiveCfg = Release|Any CPU
		{D102B733-44CB-4606-B858-0853917ABBFC}.Release|x86.Build.0 = Release|Any CPU
	EndGlobalSection
	GlobalSection(SolutionProperties) = preSolution
		HideSolutionNode = FALSE
	EndGlobalSection
	GlobalSection(NestedProjects) = preSolution
		{D102B733-44CB-4606-B858-0853917ABBFC} = {827E0CD3-B72D-47B6-A68D-7590B98EB39B}
	EndGlobalSection
EndGlobal
